Microsoft Visual Studio Solution File, Format Version 12.00
Project("{9A19103F-16F7-4668-BE54-9A1E7A4F7556}") = "JWT_Authentication_Authorization", "JWT_Authentication_Authorization.csproj", "{B6A81FFA-8F30-4DEF-B639-5284EBB918E6}"
EndProject
Global
	GlobalSection(SolutionConfigurationPlatforms) = preSolution
		Debug|Any CPU = Debug|Any CPU
		Release|Any CPU = Release|Any CPU
	EndGlobalSection
	GlobalSection(ProjectConfigurationPlatforms) = postSolution
		{B6A81FFA-8F30-4DEF-B639-5284EBB918E6}.Debug|Any CPU.ActiveCfg = Debug|Any CPU
		{B6A81FFA-8F30-4DEF-B639-5284EBB918E6}.Debug|Any CPU.Build.0 = Debug|Any CPU
		{B6A81FFA-8F30-4DEF-B639-5284EBB918E6}.Release|Any CPU.ActiveCfg = Release|Any CPU
		{B6A81FFA-8F30-4DEF-B639-5284EBB918E6}.Release|Any CPU.Build.0 = Release|Any CPU
	EndGlobalSection
	GlobalSection(SolutionProperties) = preSolution
		HideSolutionNode = FALSE
	EndGlobalSection
	GlobalSection(ExtensibilityGlobals) = postSolution
		SolutionGuid = {5835B1A5-24C4-4016-8A06-231850998494}
	EndGlobalSection
EndGlobal
